
Microsoft Visual Studio Solution File, Format Version 12.00
# Visual Studio 2012
Project("{F184B08F-C81C-45F6-A57F-5ABD9991F28F}") = "Powers", "Powers\Powers.vbproj", "{2777B4C8-AFF0-4991-8396-AABF60C5DBFD}"
EndProject
Project("{F184B08F-C81C-45F6-A57F-5ABD9991F28F}") = "Multiplication", "..\Multiplication\Multiplication\Multiplication.vbproj", "{70014A12-0379-421F-B674-1FC07680F0A5}"
EndProject
Global
	GlobalSection(SolutionConfigurationPlatforms) = preSolution
		Debug|Any CPU = Debug|Any CPU
		Release|Any CPU = Release|Any CPU
	EndGlobalSection
	GlobalSection(ProjectConfigurationPlatforms) = postSolution
		{2777B4C8-AFF0-4991-8396-AABF60C5DBFD}.Debug|Any CPU.ActiveCfg = Debug|Any CPU
		{2777B4C8-AFF0-4991-8396-AABF60C5DBFD}.Debug|Any CPU.Build.0 = Debug|Any CPU
		{2777B4C8-AFF0-4991-8396-AABF60C5DBFD}.Release|Any CPU.ActiveCfg = Release|Any CPU
		{2777B4C8-AFF0-4991-8396-AABF60C5DBFD}.Release|Any CPU.Build.0 = Release|Any CPU
		{70014A12-0379-421F-B674-1FC07680F0A5}.Debug|Any CPU.ActiveCfg = Debug|Any CPU
		{70014A12-0379-421F-B674-1FC07680F0A5}.Debug|Any CPU.Build.0 = Debug|Any CPU
		{70014A12-0379-421F-B674-1FC07680F0A5}.Release|Any CPU.ActiveCfg = Release|Any CPU
		{70014A12-0379-421F-B674-1FC07680F0A5}.Release|Any CPU.Build.0 = Release|Any CPU
	EndGlobalSection
	GlobalSection(SolutionProperties) = preSolution
		HideSolutionNode = FALSE
	EndGlobalSection
EndGlobal
