
Microsoft Visual Studio Solution File, Format Version 12.00
# Visual Studio 2012
Project("{F184B08F-C81C-45F6-A57F-5ABD9991F28F}") = "For loop", "For loop\For loop.vbproj", "{21E854EB-A39B-4B17-B524-A54BB4039A3F}"
EndProject
Global
	GlobalSection(SolutionConfigurationPlatforms) = preSolution
		Debug|Any CPU = Debug|Any CPU
		Release|Any CPU = Release|Any CPU
	EndGlobalSection
	GlobalSection(ProjectConfigurationPlatforms) = postSolution
		{21E854EB-A39B-4B17-B524-A54BB4039A3F}.Debug|Any CPU.ActiveCfg = Debug|Any CPU
		{21E854EB-A39B-4B17-B524-A54BB4039A3F}.Debug|Any CPU.Build.0 = Debug|Any CPU
		{21E854EB-A39B-4B17-B524-A54BB4039A3F}.Release|Any CPU.ActiveCfg = Release|Any CPU
		{21E854EB-A39B-4B17-B524-A54BB4039A3F}.Release|Any CPU.Build.0 = Release|Any CPU
	EndGlobalSection
	GlobalSection(SolutionProperties) = preSolution
		HideSolutionNode = FALSE
	EndGlobalSection
EndGlobal
