
Microsoft Visual Studio Solution File, Format Version 12.00
# Visual Studio 2012
Project("{F184B08F-C81C-45F6-A57F-5ABD9991F28F}") = "Select case", "Select case\Select case.vbproj", "{67FDBE17-0FEB-4BB3-9A68-4D83B643EE89}"
EndProject
Global
	GlobalSection(SolutionConfigurationPlatforms) = preSolution
		Debug|Any CPU = Debug|Any CPU
		Release|Any CPU = Release|Any CPU
	EndGlobalSection
	GlobalSection(ProjectConfigurationPlatforms) = postSolution
		{67FDBE17-0FEB-4BB3-9A68-4D83B643EE89}.Debug|Any CPU.ActiveCfg = Debug|Any CPU
		{67FDBE17-0FEB-4BB3-9A68-4D83B643EE89}.Debug|Any CPU.Build.0 = Debug|Any CPU
		{67FDBE17-0FEB-4BB3-9A68-4D83B643EE89}.Release|Any CPU.ActiveCfg = Release|Any CPU
		{67FDBE17-0FEB-4BB3-9A68-4D83B643EE89}.Release|Any CPU.Build.0 = Release|Any CPU
	EndGlobalSection
	GlobalSection(SolutionProperties) = preSolution
		HideSolutionNode = FALSE
	EndGlobalSection
EndGlobal
